
Microsoft Visual Studio Solution File, Format Version 12.00
# Visual Studio Version 16
VisualStudioVersion = 16.0.31402.337
MinimumVisualStudioVersion = 10.0.40219.1
Project("{FAE04EC0-301F-11D3-BF4B-00C04F79EFBC}") = "GerenciamentoDeFesta", "GerenciamentoDeFesta\GerenciamentoDeFesta.csproj", "{915DF302-FBDE-43BD-813F-25F42A25DF9A}"
EndProject
Global
	GlobalSection(SolutionConfigurationPlatforms) = preSolution
		Debug|Any CPU = Debug|Any CPU
		Release|Any CPU = Release|Any CPU
	EndGlobalSection
	GlobalSection(ProjectConfigurationPlatforms) = postSolution
		{915DF302-FBDE-43BD-813F-25F42A25DF9A}.Debug|Any CPU.ActiveCfg = Debug|Any CPU
		{915DF302-FBDE-43BD-813F-25F42A25DF9A}.Debug|Any CPU.Build.0 = Debug|Any CPU
		{915DF302-FBDE-43BD-813F-25F42A25DF9A}.Release|Any CPU.ActiveCfg = Release|Any CPU
		{915DF302-FBDE-43BD-813F-25F42A25DF9A}.Release|Any CPU.Build.0 = Release|Any CPU
	EndGlobalSection
	GlobalSection(SolutionProperties) = preSolution
		HideSolutionNode = FALSE
	EndGlobalSection
	GlobalSection(ExtensibilityGlobals) = postSolution
		SolutionGuid = {F4575847-E59D-4E88-82D3-4B5404187A61}
	EndGlobalSection
EndGlobal
